
Microsoft Visual Studio Solution File, Format Version 12.00
# Visual Studio 14
VisualStudioVersion = 14.0.25123.0
MinimumVisualStudioVersion = 10.0.40219.1
Project("{8BC9CEB8-8B4A-11D0-8D11-00A0C91BC942}") = "ServerT", "ServerT\ServerT.vcxproj", "{00293D95-7299-4FE3-94DD-727B8D5E204E}"
EndProject
Project("{8BC9CEB8-8B4A-11D0-8D11-00A0C91BC942}") = "ClientT", "..\ClientT\ClientT.vcxproj", "{A5100CF1-3A0F-45A6-B9EC-8F821BB89CBE}"
EndProject
Global
	GlobalSection(SolutionConfigurationPlatforms) = preSolution
		Debug|x64 = Debug|x64
		Debug|x86 = Debug|x86
		Release|x64 = Release|x64
		Release|x86 = Release|x86
	EndGlobalSection
	GlobalSection(ProjectConfigurationPlatforms) = postSolution
		{00293D95-7299-4FE3-94DD-727B8D5E204E}.Debug|x64.ActiveCfg = Debug|x64
		{00293D95-7299-4FE3-94DD-727B8D5E204E}.Debug|x64.Build.0 = Debug|x64
		{00293D95-7299-4FE3-94DD-727B8D5E204E}.Debug|x86.ActiveCfg = Debug|Win32
		{00293D95-7299-4FE3-94DD-727B8D5E204E}.Debug|x86.Build.0 = Debug|Win32
		{00293D95-7299-4FE3-94DD-727B8D5E204E}.Release|x64.ActiveCfg = Release|x64
		{00293D95-7299-4FE3-94DD-727B8D5E204E}.Release|x64.Build.0 = Release|x64
		{00293D95-7299-4FE3-94DD-727B8D5E204E}.Release|x86.ActiveCfg = Release|Win32
		{00293D95-7299-4FE3-94DD-727B8D5E204E}.Release|x86.Build.0 = Release|Win32
		{A5100CF1-3A0F-45A6-B9EC-8F821BB89CBE}.Debug|x64.ActiveCfg = Debug|x64
		{A5100CF1-3A0F-45A6-B9EC-8F821BB89CBE}.Debug|x64.Build.0 = Debug|x64
		{A5100CF1-3A0F-45A6-B9EC-8F821BB89CBE}.Debug|x86.ActiveCfg = Debug|Win32
		{A5100CF1-3A0F-45A6-B9EC-8F821BB89CBE}.Debug|x86.Build.0 = Debug|Win32
		{A5100CF1-3A0F-45A6-B9EC-8F821BB89CBE}.Release|x64.ActiveCfg = Release|x64
		{A5100CF1-3A0F-45A6-B9EC-8F821BB89CBE}.Release|x64.Build.0 = Release|x64
		{A5100CF1-3A0F-45A6-B9EC-8F821BB89CBE}.Release|x86.ActiveCfg = Release|Win32
		{A5100CF1-3A0F-45A6-B9EC-8F821BB89CBE}.Release|x86.Build.0 = Release|Win32
	EndGlobalSection
	GlobalSection(SolutionProperties) = preSolution
		HideSolutionNode = FALSE
	EndGlobalSection
EndGlobal
