
Microsoft Visual Studio Solution File, Format Version 12.00
# Visual Studio 14
VisualStudioVersion = 14.0.25123.0
MinimumVisualStudioVersion = 10.0.40219.1
Project("{8BC9CEB8-8B4A-11D0-8D11-00A0C91BC942}") = "ServerT", "ServerT\ServerT.vcxproj", "{0BF2AF86-A8AD-4A0F-BA06-AB4696EE471E}"
EndProject
Project("{8BC9CEB8-8B4A-11D0-8D11-00A0C91BC942}") = "ClientT", "ClientT\ClientT.vcxproj", "{A547EAB3-D1AD-4D8F-9194-2C342AE0D41E}"
EndProject
Global
	GlobalSection(SolutionConfigurationPlatforms) = preSolution
		Debug|x64 = Debug|x64
		Debug|x86 = Debug|x86
		Release|x64 = Release|x64
		Release|x86 = Release|x86
	EndGlobalSection
	GlobalSection(ProjectConfigurationPlatforms) = postSolution
		{0BF2AF86-A8AD-4A0F-BA06-AB4696EE471E}.Debug|x64.ActiveCfg = Debug|x64
		{0BF2AF86-A8AD-4A0F-BA06-AB4696EE471E}.Debug|x64.Build.0 = Debug|x64
		{0BF2AF86-A8AD-4A0F-BA06-AB4696EE471E}.Debug|x86.ActiveCfg = Debug|Win32
		{0BF2AF86-A8AD-4A0F-BA06-AB4696EE471E}.Debug|x86.Build.0 = Debug|Win32
		{0BF2AF86-A8AD-4A0F-BA06-AB4696EE471E}.Release|x64.ActiveCfg = Release|x64
		{0BF2AF86-A8AD-4A0F-BA06-AB4696EE471E}.Release|x64.Build.0 = Release|x64
		{0BF2AF86-A8AD-4A0F-BA06-AB4696EE471E}.Release|x86.ActiveCfg = Release|Win32
		{0BF2AF86-A8AD-4A0F-BA06-AB4696EE471E}.Release|x86.Build.0 = Release|Win32
		{A547EAB3-D1AD-4D8F-9194-2C342AE0D41E}.Debug|x64.ActiveCfg = Debug|x64
		{A547EAB3-D1AD-4D8F-9194-2C342AE0D41E}.Debug|x64.Build.0 = Debug|x64
		{A547EAB3-D1AD-4D8F-9194-2C342AE0D41E}.Debug|x86.ActiveCfg = Debug|Win32
		{A547EAB3-D1AD-4D8F-9194-2C342AE0D41E}.Debug|x86.Build.0 = Debug|Win32
		{A547EAB3-D1AD-4D8F-9194-2C342AE0D41E}.Release|x64.ActiveCfg = Release|x64
		{A547EAB3-D1AD-4D8F-9194-2C342AE0D41E}.Release|x64.Build.0 = Release|x64
		{A547EAB3-D1AD-4D8F-9194-2C342AE0D41E}.Release|x86.ActiveCfg = Release|Win32
		{A547EAB3-D1AD-4D8F-9194-2C342AE0D41E}.Release|x86.Build.0 = Release|Win32
	EndGlobalSection
	GlobalSection(SolutionProperties) = preSolution
		HideSolutionNode = FALSE
	EndGlobalSection
EndGlobal
